
Microsoft Visual Studio Solution File, Format Version 12.00
# Visual Studio Version 16
VisualStudioVersion = 16.0.29728.190
MinimumVisualStudioVersion = 10.0.40219.1
Project("{FAE04EC0-301F-11D3-BF4B-00C04F79EFBC}") = "AdventOfCode", "AdventOfCode\AdventOfCode.csproj", "{83E1628F-0334-4F60-8D44-99D7010E8847}"
EndProject
Global
	GlobalSection(SolutionConfigurationPlatforms) = preSolution
		Debug|Any CPU = Debug|Any CPU
		Release|Any CPU = Release|Any CPU
	EndGlobalSection
	GlobalSection(ProjectConfigurationPlatforms) = postSolution
		{83E1628F-0334-4F60-8D44-99D7010E8847}.Debug|Any CPU.ActiveCfg = Debug|Any CPU
		{83E1628F-0334-4F60-8D44-99D7010E8847}.Debug|Any CPU.Build.0 = Debug|Any CPU
		{83E1628F-0334-4F60-8D44-99D7010E8847}.Release|Any CPU.ActiveCfg = Release|Any CPU
		{83E1628F-0334-4F60-8D44-99D7010E8847}.Release|Any CPU.Build.0 = Release|Any CPU
	EndGlobalSection
	GlobalSection(SolutionProperties) = preSolution
		HideSolutionNode = FALSE
	EndGlobalSection
	GlobalSection(ExtensibilityGlobals) = postSolution
		SolutionGuid = {87EDF47F-CC67-4311-8338-84A7DC46AB29}
	EndGlobalSection
EndGlobal
